
Microsoft Visual Studio Solution File, Format Version 12.00
# Visual Studio Version 17
VisualStudioVersion = 17.0.31903.59
MinimumVisualStudioVersion = 10.0.40219.1
Project("{FAE04EC0-301F-11D3-BF4B-00C04F79EFBC}") = "API", "API\API.csproj", "{1A0FD4BA-78C3-4E2E-8BB4-709C28C0A415}"
EndProject
Project("{FAE04EC0-301F-11D3-BF4B-00C04F79EFBC}") = "Application", "Application\Application.csproj", "{E4651FD9-D3A7-4E2E-B08A-0C3763CB1E28}"
EndProject
Project("{FAE04EC0-301F-11D3-BF4B-00C04F79EFBC}") = "Domain", "Domain\Domain.csproj", "{C31716FC-A71D-4D88-A42B-F383155F80A5}"
EndProject
Project("{FAE04EC0-301F-11D3-BF4B-00C04F79EFBC}") = "Persistence", "Persistence\Persistence.csproj", "{6F7CC5CF-4792-4901-BD86-7266FB35DAC3}"
EndProject
Global
	GlobalSection(SolutionConfigurationPlatforms) = preSolution
		Debug|Any CPU = Debug|Any CPU
		Release|Any CPU = Release|Any CPU
	EndGlobalSection
	GlobalSection(SolutionProperties) = preSolution
		HideSolutionNode = FALSE
	EndGlobalSection
	GlobalSection(ProjectConfigurationPlatforms) = postSolution
		{1A0FD4BA-78C3-4E2E-8BB4-709C28C0A415}.Debug|Any CPU.ActiveCfg = Debug|Any CPU
		{1A0FD4BA-78C3-4E2E-8BB4-709C28C0A415}.Debug|Any CPU.Build.0 = Debug|Any CPU
		{1A0FD4BA-78C3-4E2E-8BB4-709C28C0A415}.Release|Any CPU.ActiveCfg = Release|Any CPU
		{1A0FD4BA-78C3-4E2E-8BB4-709C28C0A415}.Release|Any CPU.Build.0 = Release|Any CPU
		{E4651FD9-D3A7-4E2E-B08A-0C3763CB1E28}.Debug|Any CPU.ActiveCfg = Debug|Any CPU
		{E4651FD9-D3A7-4E2E-B08A-0C3763CB1E28}.Debug|Any CPU.Build.0 = Debug|Any CPU
		{E4651FD9-D3A7-4E2E-B08A-0C3763CB1E28}.Release|Any CPU.ActiveCfg = Release|Any CPU
		{E4651FD9-D3A7-4E2E-B08A-0C3763CB1E28}.Release|Any CPU.Build.0 = Release|Any CPU
		{C31716FC-A71D-4D88-A42B-F383155F80A5}.Debug|Any CPU.ActiveCfg = Debug|Any CPU
		{C31716FC-A71D-4D88-A42B-F383155F80A5}.Debug|Any CPU.Build.0 = Debug|Any CPU
		{C31716FC-A71D-4D88-A42B-F383155F80A5}.Release|Any CPU.ActiveCfg = Release|Any CPU
		{C31716FC-A71D-4D88-A42B-F383155F80A5}.Release|Any CPU.Build.0 = Release|Any CPU
		{6F7CC5CF-4792-4901-BD86-7266FB35DAC3}.Debug|Any CPU.ActiveCfg = Debug|Any CPU
		{6F7CC5CF-4792-4901-BD86-7266FB35DAC3}.Debug|Any CPU.Build.0 = Debug|Any CPU
		{6F7CC5CF-4792-4901-BD86-7266FB35DAC3}.Release|Any CPU.ActiveCfg = Release|Any CPU
		{6F7CC5CF-4792-4901-BD86-7266FB35DAC3}.Release|Any CPU.Build.0 = Release|Any CPU
	EndGlobalSection
EndGlobal
